
Microsoft Visual Studio Solution File, Format Version 12.00
# Visual Studio Version 16
VisualStudioVersion = 16.0.32228.343
MinimumVisualStudioVersion = 10.0.40219.1
Project("{FAE04EC0-301F-11D3-BF4B-00C04F79EFBC}") = "Asp.Net CRUD program", "Asp.Net CRUD program\Asp.Net CRUD program.csproj", "{EAB07C7A-CFDF-41FB-BDFF-64C4A335748A}"
EndProject
Global
	GlobalSection(SolutionConfigurationPlatforms) = preSolution
		Debug|Any CPU = Debug|Any CPU
		Release|Any CPU = Release|Any CPU
	EndGlobalSection
	GlobalSection(ProjectConfigurationPlatforms) = postSolution
		{EAB07C7A-CFDF-41FB-BDFF-64C4A335748A}.Debug|Any CPU.ActiveCfg = Debug|Any CPU
		{EAB07C7A-CFDF-41FB-BDFF-64C4A335748A}.Debug|Any CPU.Build.0 = Debug|Any CPU
		{EAB07C7A-CFDF-41FB-BDFF-64C4A335748A}.Release|Any CPU.ActiveCfg = Release|Any CPU
		{EAB07C7A-CFDF-41FB-BDFF-64C4A335748A}.Release|Any CPU.Build.0 = Release|Any CPU
	EndGlobalSection
	GlobalSection(SolutionProperties) = preSolution
		HideSolutionNode = FALSE
	EndGlobalSection
	GlobalSection(ExtensibilityGlobals) = postSolution
		SolutionGuid = {FEABA58C-8024-421C-B6F2-A7FACE33D4A9}
	EndGlobalSection
EndGlobal
